
Microsoft Visual Studio Solution File, Format Version 12.00
# Visual Studio 14
VisualStudioVersion = 14.0.25123.0
MinimumVisualStudioVersion = 10.0.40219.1
Project("{FAE04EC0-301F-11D3-BF4B-00C04F79EFBC}") = "PerformIOOperations", "PerformIOOperations\PerformIOOperations.csproj", "{E9D08D0F-E521-4BF3-BF9F-1F34782E8DDE}"
EndProject
Project("{FAE04EC0-301F-11D3-BF4B-00C04F79EFBC}") = "ConsumeData", "ConsumeData\ConsumeData.csproj", "{FF3F7101-83B0-45C7-A291-D1D0C27CB424}"
EndProject
Project("{FAE04EC0-301F-11D3-BF4B-00C04F79EFBC}") = "UsingLINQ", "UsingLINQ\UsingLINQ.csproj", "{0656B348-74F5-4B0D-B37A-EDC41ABB10AB}"
EndProject
Project("{FAE04EC0-301F-11D3-BF4B-00C04F79EFBC}") = "SerializeAndDeserializeData", "SerializeAndDeserializeData\SerializeAndDeserializeData.csproj", "{DAA990B3-5ACD-446E-94FB-1406E6A1D326}"
EndProject
Global
	GlobalSection(SolutionConfigurationPlatforms) = preSolution
		Debug|Any CPU = Debug|Any CPU
		Release|Any CPU = Release|Any CPU
	EndGlobalSection
	GlobalSection(ProjectConfigurationPlatforms) = postSolution
		{E9D08D0F-E521-4BF3-BF9F-1F34782E8DDE}.Debug|Any CPU.ActiveCfg = Debug|Any CPU
		{E9D08D0F-E521-4BF3-BF9F-1F34782E8DDE}.Debug|Any CPU.Build.0 = Debug|Any CPU
		{E9D08D0F-E521-4BF3-BF9F-1F34782E8DDE}.Release|Any CPU.ActiveCfg = Release|Any CPU
		{E9D08D0F-E521-4BF3-BF9F-1F34782E8DDE}.Release|Any CPU.Build.0 = Release|Any CPU
		{FF3F7101-83B0-45C7-A291-D1D0C27CB424}.Debug|Any CPU.ActiveCfg = Debug|Any CPU
		{FF3F7101-83B0-45C7-A291-D1D0C27CB424}.Debug|Any CPU.Build.0 = Debug|Any CPU
		{FF3F7101-83B0-45C7-A291-D1D0C27CB424}.Release|Any CPU.ActiveCfg = Release|Any CPU
		{FF3F7101-83B0-45C7-A291-D1D0C27CB424}.Release|Any CPU.Build.0 = Release|Any CPU
		{0656B348-74F5-4B0D-B37A-EDC41ABB10AB}.Debug|Any CPU.ActiveCfg = Debug|Any CPU
		{0656B348-74F5-4B0D-B37A-EDC41ABB10AB}.Debug|Any CPU.Build.0 = Debug|Any CPU
		{0656B348-74F5-4B0D-B37A-EDC41ABB10AB}.Release|Any CPU.ActiveCfg = Release|Any CPU
		{0656B348-74F5-4B0D-B37A-EDC41ABB10AB}.Release|Any CPU.Build.0 = Release|Any CPU
		{DAA990B3-5ACD-446E-94FB-1406E6A1D326}.Debug|Any CPU.ActiveCfg = Debug|Any CPU
		{DAA990B3-5ACD-446E-94FB-1406E6A1D326}.Debug|Any CPU.Build.0 = Debug|Any CPU
		{DAA990B3-5ACD-446E-94FB-1406E6A1D326}.Release|Any CPU.ActiveCfg = Release|Any CPU
		{DAA990B3-5ACD-446E-94FB-1406E6A1D326}.Release|Any CPU.Build.0 = Release|Any CPU
	EndGlobalSection
	GlobalSection(SolutionProperties) = preSolution
		HideSolutionNode = FALSE
	EndGlobalSection
EndGlobal
